
Microsoft Visual Studio Solution File, Format Version 12.00
# Visual Studio 14
VisualStudioVersion = 14.0.25420.1
MinimumVisualStudioVersion = 10.0.40219.1
Project("{2150E333-8FDC-42A3-9474-1A3956D46DE8}") = "1. Dominio", "1. Dominio", "{5BCBC2D0-0570-4C1A-A620-5C1FD50CB22A}"
EndProject
Project("{2150E333-8FDC-42A3-9474-1A3956D46DE8}") = "2. Servicios", "2. Servicios", "{B13EE309-9B46-46B1-B9D5-289788A28241}"
EndProject
Project("{2150E333-8FDC-42A3-9474-1A3956D46DE8}") = "3. Infraestructura", "3. Infraestructura", "{A916AE03-4542-4B0E-8358-A8D11D23E446}"
EndProject
Project("{2150E333-8FDC-42A3-9474-1A3956D46DE8}") = "4. Web", "4. Web", "{2C41EDB1-FA38-431E-8F7C-4DF3A862C56B}"
EndProject
Project("{2150E333-8FDC-42A3-9474-1A3956D46DE8}") = "5. Test", "5. Test", "{4D35A76D-A93E-41E1-B4E6-106955E19490}"
EndProject
Project("{FAE04EC0-301F-11D3-BF4B-00C04F79EFBC}") = "Feroza.VirtualPartes.Dominio.Interfaces", "1. Dominio\Feroza.VirtualPartes.Dominio.Interfaces\Feroza.VirtualPartes.Dominio.Interfaces.csproj", "{7BBE9098-B7A5-4984-A9F6-660B700548C8}"
EndProject
Project("{FAE04EC0-301F-11D3-BF4B-00C04F79EFBC}") = "Feroza.VirtualPartes.Dominio.Entidades", "1. Dominio\Feroza.VirtualPartes.Dominio.Entidades\Feroza.VirtualPartes.Dominio.Entidades.csproj", "{0FFD62FE-487E-404A-9CE9-ED8777269D4D}"
EndProject
Project("{2150E333-8FDC-42A3-9474-1A3956D46DE8}") = "1. Core", "1. Core", "{28E0A5FA-DEF3-4820-96A0-FD5F95C3925D}"
EndProject
Project("{FAE04EC0-301F-11D3-BF4B-00C04F79EFBC}") = "Feroza.VirtualPartes.Servicios.Interfaces", "2. Servicios\Feroza.VirtualPartes.Servicios.Interfaces\Feroza.VirtualPartes.Servicios.Interfaces.csproj", "{1AB91710-8192-4E73-BA3F-60F7E4413254}"
EndProject
Project("{FAE04EC0-301F-11D3-BF4B-00C04F79EFBC}") = "Feroza.VirtualPartes.Infraestructura.Data", "3. Infraestructura\Feroza.VirtualPartes.Infraestructura.Data\Feroza.VirtualPartes.Infraestructura.Data.csproj", "{0A4D2752-5163-49E0-A93D-189E17AED94F}"
EndProject
Project("{FAE04EC0-301F-11D3-BF4B-00C04F79EFBC}") = "Feroza.VirtualPartes.Infraestructura.ResolucionDepencias", "3. Infraestructura\Feroza.VirtualPartes.Infraestructura.ResolucionDepencias\Feroza.VirtualPartes.Infraestructura.ResolucionDepencias.csproj", "{E4E1C22B-55A3-445B-801C-D3991797519E}"
EndProject
Project("{FAE04EC0-301F-11D3-BF4B-00C04F79EFBC}") = "Feroza.VirtualPartes.Tests.Core", "5. Tests\Feroza.VirtualPartes.Tests.Core\Feroza.VirtualPartes.Tests.Core.csproj", "{0B5917F1-5600-4E67-A0BC-F32798ADE76E}"
EndProject
Project("{FAE04EC0-301F-11D3-BF4B-00C04F79EFBC}") = "Feroza.VirtualPartes.Web.UI", "4. Web\Feroza.VirtualPartes.Web.UI\Feroza.VirtualPartes.Web.UI.csproj", "{844A04B3-73FC-406D-A56F-4AC63D16AE6D}"
EndProject
Project("{FAE04EC0-301F-11D3-BF4B-00C04F79EFBC}") = "Feroza.VirtualPartes.Web.LandingPage", "4. Web\Feroza.VirtualPartes.Web.LandingPage\Feroza.VirtualPartes.Web.LandingPage.csproj", "{A061D2E0-B6E6-4CEA-AE93-750A98381399}"
EndProject
Project("{FAE04EC0-301F-11D3-BF4B-00C04F79EFBC}") = "Feroza.VirtualPartes.Infraestructura.UnidadesDeTrabajo", "3. Infraestructura\Feroza.VirtualPartes.Infraestructura.UnidadesDeTrabajo\Feroza.VirtualPartes.Infraestructura.UnidadesDeTrabajo.csproj", "{44178C4A-AACE-422A-A87D-C27FA48F0255}"
EndProject
Project("{FAE04EC0-301F-11D3-BF4B-00C04F79EFBC}") = "Feroza.VirtualPartes.Dominio.RepositorioContratos", "1. Dominio\Feroza.VirtualPartes.Dominio.RepositorioContratos\Feroza.VirtualPartes.Dominio.RepositorioContratos.csproj", "{671717A4-635D-42C7-A1F5-A5B35BBE7318}"
EndProject
Project("{FAE04EC0-301F-11D3-BF4B-00C04F79EFBC}") = "Feroza.VirtualPartes.Infraestructura.BaseData", "3. Infraestructura\Feroza.VirtualPartes.Infraestructura.BaseData\Feroza.VirtualPartes.Infraestructura.BaseData.csproj", "{0C03027C-979D-4DE0-A632-887DF0815028}"
EndProject
Project("{FAE04EC0-301F-11D3-BF4B-00C04F79EFBC}") = "Feroza.VirtualPartes.Dominio.ReglasDeNegocio", "1. Dominio\Feroza.VirtualPartes.Dominio.ReglasDeNegocio\Feroza.VirtualPartes.Dominio.ReglasDeNegocio.csproj", "{B9F37D30-FCD0-4F29-B8D7-FA6907128944}"
EndProject
Global
	GlobalSection(SolutionConfigurationPlatforms) = preSolution
		Debug|Any CPU = Debug|Any CPU
		Release|Any CPU = Release|Any CPU
	EndGlobalSection
	GlobalSection(ProjectConfigurationPlatforms) = postSolution
		{7BBE9098-B7A5-4984-A9F6-660B700548C8}.Debug|Any CPU.ActiveCfg = Debug|Any CPU
		{7BBE9098-B7A5-4984-A9F6-660B700548C8}.Debug|Any CPU.Build.0 = Debug|Any CPU
		{7BBE9098-B7A5-4984-A9F6-660B700548C8}.Release|Any CPU.ActiveCfg = Release|Any CPU
		{7BBE9098-B7A5-4984-A9F6-660B700548C8}.Release|Any CPU.Build.0 = Release|Any CPU
		{0FFD62FE-487E-404A-9CE9-ED8777269D4D}.Debug|Any CPU.ActiveCfg = Debug|Any CPU
		{0FFD62FE-487E-404A-9CE9-ED8777269D4D}.Debug|Any CPU.Build.0 = Debug|Any CPU
		{0FFD62FE-487E-404A-9CE9-ED8777269D4D}.Release|Any CPU.ActiveCfg = Release|Any CPU
		{0FFD62FE-487E-404A-9CE9-ED8777269D4D}.Release|Any CPU.Build.0 = Release|Any CPU
		{1AB91710-8192-4E73-BA3F-60F7E4413254}.Debug|Any CPU.ActiveCfg = Debug|Any CPU
		{1AB91710-8192-4E73-BA3F-60F7E4413254}.Debug|Any CPU.Build.0 = Debug|Any CPU
		{1AB91710-8192-4E73-BA3F-60F7E4413254}.Release|Any CPU.ActiveCfg = Release|Any CPU
		{1AB91710-8192-4E73-BA3F-60F7E4413254}.Release|Any CPU.Build.0 = Release|Any CPU
		{0A4D2752-5163-49E0-A93D-189E17AED94F}.Debug|Any CPU.ActiveCfg = Debug|Any CPU
		{0A4D2752-5163-49E0-A93D-189E17AED94F}.Debug|Any CPU.Build.0 = Debug|Any CPU
		{0A4D2752-5163-49E0-A93D-189E17AED94F}.Release|Any CPU.ActiveCfg = Release|Any CPU
		{0A4D2752-5163-49E0-A93D-189E17AED94F}.Release|Any CPU.Build.0 = Release|Any CPU
		{E4E1C22B-55A3-445B-801C-D3991797519E}.Debug|Any CPU.ActiveCfg = Debug|Any CPU
		{E4E1C22B-55A3-445B-801C-D3991797519E}.Debug|Any CPU.Build.0 = Debug|Any CPU
		{E4E1C22B-55A3-445B-801C-D3991797519E}.Release|Any CPU.ActiveCfg = Release|Any CPU
		{E4E1C22B-55A3-445B-801C-D3991797519E}.Release|Any CPU.Build.0 = Release|Any CPU
		{0B5917F1-5600-4E67-A0BC-F32798ADE76E}.Debug|Any CPU.ActiveCfg = Debug|Any CPU
		{0B5917F1-5600-4E67-A0BC-F32798ADE76E}.Debug|Any CPU.Build.0 = Debug|Any CPU
		{0B5917F1-5600-4E67-A0BC-F32798ADE76E}.Release|Any CPU.ActiveCfg = Release|Any CPU
		{0B5917F1-5600-4E67-A0BC-F32798ADE76E}.Release|Any CPU.Build.0 = Release|Any CPU
		{844A04B3-73FC-406D-A56F-4AC63D16AE6D}.Debug|Any CPU.ActiveCfg = Debug|Any CPU
		{844A04B3-73FC-406D-A56F-4AC63D16AE6D}.Debug|Any CPU.Build.0 = Debug|Any CPU
		{844A04B3-73FC-406D-A56F-4AC63D16AE6D}.Release|Any CPU.ActiveCfg = Release|Any CPU
		{844A04B3-73FC-406D-A56F-4AC63D16AE6D}.Release|Any CPU.Build.0 = Release|Any CPU
		{A061D2E0-B6E6-4CEA-AE93-750A98381399}.Debug|Any CPU.ActiveCfg = Debug|Any CPU
		{A061D2E0-B6E6-4CEA-AE93-750A98381399}.Debug|Any CPU.Build.0 = Debug|Any CPU
		{A061D2E0-B6E6-4CEA-AE93-750A98381399}.Release|Any CPU.ActiveCfg = Release|Any CPU
		{A061D2E0-B6E6-4CEA-AE93-750A98381399}.Release|Any CPU.Build.0 = Release|Any CPU
		{44178C4A-AACE-422A-A87D-C27FA48F0255}.Debug|Any CPU.ActiveCfg = Debug|Any CPU
		{44178C4A-AACE-422A-A87D-C27FA48F0255}.Debug|Any CPU.Build.0 = Debug|Any CPU
		{44178C4A-AACE-422A-A87D-C27FA48F0255}.Release|Any CPU.ActiveCfg = Release|Any CPU
		{44178C4A-AACE-422A-A87D-C27FA48F0255}.Release|Any CPU.Build.0 = Release|Any CPU
		{671717A4-635D-42C7-A1F5-A5B35BBE7318}.Debug|Any CPU.ActiveCfg = Debug|Any CPU
		{671717A4-635D-42C7-A1F5-A5B35BBE7318}.Debug|Any CPU.Build.0 = Debug|Any CPU
		{671717A4-635D-42C7-A1F5-A5B35BBE7318}.Release|Any CPU.ActiveCfg = Release|Any CPU
		{671717A4-635D-42C7-A1F5-A5B35BBE7318}.Release|Any CPU.Build.0 = Release|Any CPU
		{0C03027C-979D-4DE0-A632-887DF0815028}.Debug|Any CPU.ActiveCfg = Debug|Any CPU
		{0C03027C-979D-4DE0-A632-887DF0815028}.Debug|Any CPU.Build.0 = Debug|Any CPU
		{0C03027C-979D-4DE0-A632-887DF0815028}.Release|Any CPU.ActiveCfg = Release|Any CPU
		{0C03027C-979D-4DE0-A632-887DF0815028}.Release|Any CPU.Build.0 = Release|Any CPU
		{B9F37D30-FCD0-4F29-B8D7-FA6907128944}.Debug|Any CPU.ActiveCfg = Debug|Any CPU
		{B9F37D30-FCD0-4F29-B8D7-FA6907128944}.Debug|Any CPU.Build.0 = Debug|Any CPU
		{B9F37D30-FCD0-4F29-B8D7-FA6907128944}.Release|Any CPU.ActiveCfg = Release|Any CPU
		{B9F37D30-FCD0-4F29-B8D7-FA6907128944}.Release|Any CPU.Build.0 = Release|Any CPU
	EndGlobalSection
	GlobalSection(SolutionProperties) = preSolution
		HideSolutionNode = FALSE
	EndGlobalSection
	GlobalSection(NestedProjects) = preSolution
		{5BCBC2D0-0570-4C1A-A620-5C1FD50CB22A} = {28E0A5FA-DEF3-4820-96A0-FD5F95C3925D}
		{B13EE309-9B46-46B1-B9D5-289788A28241} = {28E0A5FA-DEF3-4820-96A0-FD5F95C3925D}
		{7BBE9098-B7A5-4984-A9F6-660B700548C8} = {5BCBC2D0-0570-4C1A-A620-5C1FD50CB22A}
		{0FFD62FE-487E-404A-9CE9-ED8777269D4D} = {5BCBC2D0-0570-4C1A-A620-5C1FD50CB22A}
		{1AB91710-8192-4E73-BA3F-60F7E4413254} = {B13EE309-9B46-46B1-B9D5-289788A28241}
		{0A4D2752-5163-49E0-A93D-189E17AED94F} = {A916AE03-4542-4B0E-8358-A8D11D23E446}
		{E4E1C22B-55A3-445B-801C-D3991797519E} = {A916AE03-4542-4B0E-8358-A8D11D23E446}
		{0B5917F1-5600-4E67-A0BC-F32798ADE76E} = {4D35A76D-A93E-41E1-B4E6-106955E19490}
		{844A04B3-73FC-406D-A56F-4AC63D16AE6D} = {2C41EDB1-FA38-431E-8F7C-4DF3A862C56B}
		{A061D2E0-B6E6-4CEA-AE93-750A98381399} = {2C41EDB1-FA38-431E-8F7C-4DF3A862C56B}
		{44178C4A-AACE-422A-A87D-C27FA48F0255} = {A916AE03-4542-4B0E-8358-A8D11D23E446}
		{671717A4-635D-42C7-A1F5-A5B35BBE7318} = {5BCBC2D0-0570-4C1A-A620-5C1FD50CB22A}
		{0C03027C-979D-4DE0-A632-887DF0815028} = {A916AE03-4542-4B0E-8358-A8D11D23E446}
		{B9F37D30-FCD0-4F29-B8D7-FA6907128944} = {5BCBC2D0-0570-4C1A-A620-5C1FD50CB22A}
	EndGlobalSection
EndGlobal
